
Microsoft Visual Studio Solution File, Format Version 12.00
# Visual Studio 15
VisualStudioVersion = 15.0.28010.2036
MinimumVisualStudioVersion = 10.0.40219.1
Project("{FAE04EC0-301F-11D3-BF4B-00C04F79EFBC}") = "EFExtension.Core", "EFExtension.Core\EFExtension.Core.csproj", "{BAA2F615-7A18-4357-8BD2-795282E266A7}"
EndProject
Project("{FAE04EC0-301F-11D3-BF4B-00C04F79EFBC}") = "EFExtension.Console", "EFExtension.Console\EFExtension.Console.csproj", "{C89CE1D9-508A-46C1-9C3D-DC47D324C13E}"
EndProject
Global
	GlobalSection(SolutionConfigurationPlatforms) = preSolution
		Debug|Any CPU = Debug|Any CPU
		Release|Any CPU = Release|Any CPU
	EndGlobalSection
	GlobalSection(ProjectConfigurationPlatforms) = postSolution
		{BAA2F615-7A18-4357-8BD2-795282E266A7}.Debug|Any CPU.ActiveCfg = Debug|Any CPU
		{BAA2F615-7A18-4357-8BD2-795282E266A7}.Debug|Any CPU.Build.0 = Debug|Any CPU
		{BAA2F615-7A18-4357-8BD2-795282E266A7}.Release|Any CPU.ActiveCfg = Release|Any CPU
		{BAA2F615-7A18-4357-8BD2-795282E266A7}.Release|Any CPU.Build.0 = Release|Any CPU
		{C89CE1D9-508A-46C1-9C3D-DC47D324C13E}.Debug|Any CPU.ActiveCfg = Debug|Any CPU
		{C89CE1D9-508A-46C1-9C3D-DC47D324C13E}.Debug|Any CPU.Build.0 = Debug|Any CPU
		{C89CE1D9-508A-46C1-9C3D-DC47D324C13E}.Release|Any CPU.ActiveCfg = Release|Any CPU
		{C89CE1D9-508A-46C1-9C3D-DC47D324C13E}.Release|Any CPU.Build.0 = Release|Any CPU
	EndGlobalSection
	GlobalSection(SolutionProperties) = preSolution
		HideSolutionNode = FALSE
	EndGlobalSection
	GlobalSection(ExtensibilityGlobals) = postSolution
		SolutionGuid = {CEC77423-44BC-4AD1-9C96-672FE97B3381}
	EndGlobalSection
EndGlobal
